
Microsoft Visual Studio Solution File, Format Version 12.00
# Visual Studio Version 17
VisualStudioVersion = 17.9.34616.47
MinimumVisualStudioVersion = 10.0.40219.1
Project("{9A19103F-16F7-4668-BE54-9A1E7A4F7556}") = "WPF_Azul", "WPF_Azul.csproj", "{93A92B70-C324-4139-A468-0542A71B8759}"
EndProject
Global
	GlobalSection(SolutionConfigurationPlatforms) = preSolution
		Debug|Any CPU = Debug|Any CPU
		Release|Any CPU = Release|Any CPU
	EndGlobalSection
	GlobalSection(ProjectConfigurationPlatforms) = postSolution
		{93A92B70-C324-4139-A468-0542A71B8759}.Debug|Any CPU.ActiveCfg = Debug|Any CPU
		{93A92B70-C324-4139-A468-0542A71B8759}.Debug|Any CPU.Build.0 = Debug|Any CPU
		{93A92B70-C324-4139-A468-0542A71B8759}.Release|Any CPU.ActiveCfg = Release|Any CPU
		{93A92B70-C324-4139-A468-0542A71B8759}.Release|Any CPU.Build.0 = Release|Any CPU
	EndGlobalSection
	GlobalSection(SolutionProperties) = preSolution
		HideSolutionNode = FALSE
	EndGlobalSection
	GlobalSection(ExtensibilityGlobals) = postSolution
		SolutionGuid = {28862A2B-4755-411C-8E2C-BD1C3C12F080}
	EndGlobalSection
EndGlobal
