
Microsoft Visual Studio Solution File, Format Version 12.00
# Visual Studio Version 17
VisualStudioVersion = 17.9.34616.47
MinimumVisualStudioVersion = 10.0.40219.1
Project("{FAE04EC0-301F-11D3-BF4B-00C04F79EFBC}") = "ModalControl", "ModalControl.csproj", "{56A7246E-0A4C-4B78-8EDA-DE979C65962C}"
EndProject
Global
	GlobalSection(SolutionConfigurationPlatforms) = preSolution
		Debug|Any CPU = Debug|Any CPU
		Release|Any CPU = Release|Any CPU
	EndGlobalSection
	GlobalSection(ProjectConfigurationPlatforms) = postSolution
		{56A7246E-0A4C-4B78-8EDA-DE979C65962C}.Debug|Any CPU.ActiveCfg = Debug|Any CPU
		{56A7246E-0A4C-4B78-8EDA-DE979C65962C}.Debug|Any CPU.Build.0 = Debug|Any CPU
		{56A7246E-0A4C-4B78-8EDA-DE979C65962C}.Release|Any CPU.ActiveCfg = Release|Any CPU
		{56A7246E-0A4C-4B78-8EDA-DE979C65962C}.Release|Any CPU.Build.0 = Release|Any CPU
	EndGlobalSection
	GlobalSection(SolutionProperties) = preSolution
		HideSolutionNode = FALSE
	EndGlobalSection
	GlobalSection(ExtensibilityGlobals) = postSolution
		SolutionGuid = {1E30A78F-4D69-437C-B4DB-E422D9EF0422}
	EndGlobalSection
EndGlobal
